
Microsoft Visual Studio Solution File, Format Version 12.00
# Visual Studio Version 17
VisualStudioVersion = 17.8.34330.188
MinimumVisualStudioVersion = 10.0.40219.1
Project("{FAE04EC0-301F-11D3-BF4B-00C04F79EFBC}") = "SelectDataGridView", "SelectDataGridView\SelectDataGridView.csproj", "{530A2F1F-081F-409A-90C9-902FC6DA521A}"
EndProject
Global
	GlobalSection(SolutionConfigurationPlatforms) = preSolution
		Debug|Any CPU = Debug|Any CPU
		Release|Any CPU = Release|Any CPU
	EndGlobalSection
	GlobalSection(ProjectConfigurationPlatforms) = postSolution
		{530A2F1F-081F-409A-90C9-902FC6DA521A}.Debug|Any CPU.ActiveCfg = Debug|Any CPU
		{530A2F1F-081F-409A-90C9-902FC6DA521A}.Debug|Any CPU.Build.0 = Debug|Any CPU
		{530A2F1F-081F-409A-90C9-902FC6DA521A}.Release|Any CPU.ActiveCfg = Release|Any CPU
		{530A2F1F-081F-409A-90C9-902FC6DA521A}.Release|Any CPU.Build.0 = Release|Any CPU
	EndGlobalSection
	GlobalSection(SolutionProperties) = preSolution
		HideSolutionNode = FALSE
	EndGlobalSection
	GlobalSection(ExtensibilityGlobals) = postSolution
		SolutionGuid = {787AE940-DAAA-4258-89F0-1FA3F12930F2}
	EndGlobalSection
EndGlobal
